// !$*UTF8*$!
{
	archiveVersion = 1;
	classes = {
	};
	objectVersion = 51;
	objects = {

/* Begin PBXBuildFile section */
		AD5A810D24319CC400B03CD7 /* AppDelegate.swift in Sources */ = {isa = PBXBuildFile; fileRef = AD5A810C24319CC400B03CD7 /* AppDelegate.swift */; };
		AD5A810F24319CC400B03CD7 /* SceneDelegate.swift in Sources */ = {isa = PBXBuildFile; fileRef = AD5A810E24319CC400B03CD7 /* SceneDelegate.swift */; };
		AD5A811124319CC400B03CD7 /* ContentView.swift in Sources */ = {isa = PBXBuildFile; fileRef = AD5A811024319CC400B03CD7 /* ContentView.swift */; };
		AD5A811324319CC800B03CD7 /* Assets.xcassets in Resources */ = {isa = PBXBuildFile; fileRef = AD5A811224319CC800B03CD7 /* Assets.xcassets */; };
		AD5A811624319CC800B03CD7 /* Preview Assets.xcassets in Resources */ = {isa = PBXBuildFile; fileRef = AD5A811524319CC800B03CD7 /* Preview Assets.xcassets */; };
		AD5A811924319CC800B03CD7 /* LaunchScreen.storyboard in Resources */ = {isa = PBXBuildFile; fileRef = AD5A811724319CC800B03CD7 /* LaunchScreen.storyboard */; };
		AD5A812424319CC800B03CD7 /* ToDo_ReminderTests.swift in Sources */ = {isa = PBXBuildFile; fileRef = AD5A812324319CC800B03CD7 /* ToDo_ReminderTests.swift */; };
		AD5A812F24319CC800B03CD7 /* ToDo_ReminderUITests.swift in Sources */ = {isa = PBXBuildFile; fileRef = AD5A812E24319CC800B03CD7 /* ToDo_ReminderUITests.swift */; };
		AD5A813E24319E3400B03CD7 /* Task.swift in Sources */ = {isa = PBXBuildFile; fileRef = AD5A813D24319E3400B03CD7 /* Task.swift */; };
		AD5A81422431A03D00B03CD7 /* TaskListView.swift in Sources */ = {isa = PBXBuildFile; fileRef = AD5A81412431A03D00B03CD7 /* TaskListView.swift */; };
		AD5A81452431A8B200B03CD7 /* TaskListViewModel.swift in Sources */ = {isa = PBXBuildFile; fileRef = AD5A81442431A8B200B03CD7 /* TaskListViewModel.swift */; };
		AD5A81472431AA6800B03CD7 /* TackCellViewModel.swift in Sources */ = {isa = PBXBuildFile; fileRef = AD5A81462431AA6800B03CD7 /* TackCellViewModel.swift */; };
		AD5A814B2431B35F00B03CD7 /* TaskCell.swift in Sources */ = {isa = PBXBuildFile; fileRef = AD5A814A2431B35F00B03CD7 /* TaskCell.swift */; };
		AD5A814D2431F3EC00B03CD7 /* GoogleService-Info.plist in Resources */ = {isa = PBXBuildFile; fileRef = AD5A814C2431F3EC00B03CD7 /* GoogleService-Info.plist */; };
		ADCF3B4B2432EA8200C431AE /* BaseTaskRespositories.swift in Sources */ = {isa = PBXBuildFile; fileRef = ADCF3B4A2432EA8200C431AE /* BaseTaskRespositories.swift */; };
		ADCF3B4D2432EDE400C431AE /* AppDelelgate+Resolving.swift in Sources */ = {isa = PBXBuildFile; fileRef = ADCF3B4C2432EDE400C431AE /* AppDelelgate+Resolving.swift */; };
		BC5DB8240C7AD1492688AED6 /* Pods_ToDo_Reminder.framework in Frameworks */ = {isa = PBXBuildFile; fileRef = 66E4E3DABE2E3382FA84C32E /* Pods_ToDo_Reminder.framework */; };
		C9305814C44942E671DFC819 /* Pods_ToDo_ReminderTests.framework in Frameworks */ = {isa = PBXBuildFile; fileRef = 2BAD36C31BC1821F525B4DC5 /* Pods_ToDo_ReminderTests.framework */; };
		C9C66F81F42A82FD1DEE21EF /* Pods_ToDo_Reminder_ToDo_ReminderUITests.framework in Frameworks */ = {isa = PBXBuildFile; fileRef = 7D7CCC8B45D439E12CF66EFF /* Pods_ToDo_Reminder_ToDo_ReminderUITests.framework */; };
/* End PBXBuildFile section */

/* Begin PBXContainerItemProxy section */
		AD5A812024319CC800B03CD7 /* PBXContainerItemProxy */ = {
			isa = PBXContainerItemProxy;
			containerPortal = AD5A810124319CC400B03CD7 /* Project object */;
			proxyType = 1;
			remoteGlobalIDString = AD5A810824319CC400B03CD7;
			remoteInfo = ToDo_Reminder;
		};
		AD5A812B24319CC800B03CD7 /* PBXContainerItemProxy */ = {
			isa = PBXContainerItemProxy;
			containerPortal = AD5A810124319CC400B03CD7 /* Project object */;
			proxyType = 1;
			remoteGlobalIDString = AD5A810824319CC400B03CD7;
			remoteInfo = ToDo_Reminder;
		};
/* End PBXContainerItemProxy section */

/* Begin PBXFileReference section */
		0711A9F05C2335C625E0E414 /* Pods-ToDo_Reminder-ToDo_ReminderUITests.release.xcconfig */ = {isa = PBXFileReference; includeInIndex = 1; lastKnownFileType = text.xcconfig; name = "Pods-ToDo_Reminder-ToDo_ReminderUITests.release.xcconfig"; path = "Target Support Files/Pods-ToDo_Reminder-ToDo_ReminderUITests/Pods-ToDo_Reminder-ToDo_ReminderUITests.release.xcconfig"; sourceTree = "<group>"; };
		0C2A60BE7AFE3D4C00C6CEBF /* Pods-ToDo_Reminder.release.xcconfig */ = {isa = PBXFileReference; includeInIndex = 1; lastKnownFileType = text.xcconfig; name = "Pods-ToDo_Reminder.release.xcconfig"; path = "Target Support Files/Pods-ToDo_Reminder/Pods-ToDo_Reminder.release.xcconfig"; sourceTree = "<group>"; };
		2BAD36C31BC1821F525B4DC5 /* Pods_ToDo_ReminderTests.framework */ = {isa = PBXFileReference; explicitFileType = wrapper.framework; includeInIndex = 0; path = Pods_ToDo_ReminderTests.framework; sourceTree = BUILT_PRODUCTS_DIR; };
		384C701A02BFE38940855BA3 /* Pods-ToDo_ReminderTests.release.xcconfig */ = {isa = PBXFileReference; includeInIndex = 1; lastKnownFileType = text.xcconfig; name = "Pods-ToDo_ReminderTests.release.xcconfig"; path = "Target Support Files/Pods-ToDo_ReminderTests/Pods-ToDo_ReminderTests.release.xcconfig"; sourceTree = "<group>"; };
		5994637453AC8D890E88D1D8 /* Pods-ToDo_Reminder-ToDo_ReminderUITests.debug.xcconfig */ = {isa = PBXFileReference; includeInIndex = 1; lastKnownFileType = text.xcconfig; name = "Pods-ToDo_Reminder-ToDo_ReminderUITests.debug.xcconfig"; path = "Target Support Files/Pods-ToDo_Reminder-ToDo_ReminderUITests/Pods-ToDo_Reminder-ToDo_ReminderUITests.debug.xcconfig"; sourceTree = "<group>"; };
		66E4E3DABE2E3382FA84C32E /* Pods_ToDo_Reminder.framework */ = {isa = PBXFileReference; explicitFileType = wrapper.framework; includeInIndex = 0; path = Pods_ToDo_Reminder.framework; sourceTree = BUILT_PRODUCTS_DIR; };
		7D7CCC8B45D439E12CF66EFF /* Pods_ToDo_Reminder_ToDo_ReminderUITests.framework */ = {isa = PBXFileReference; explicitFileType = wrapper.framework; includeInIndex = 0; path = Pods_ToDo_Reminder_ToDo_ReminderUITests.framework; sourceTree = BUILT_PRODUCTS_DIR; };
		AD5A810924319CC400B03CD7 /* ToDo_Reminder.app */ = {isa = PBXFileReference; explicitFileType = wrapper.application; includeInIndex = 0; path = ToDo_Reminder.app; sourceTree = BUILT_PRODUCTS_DIR; };
		AD5A810C24319CC400B03CD7 /* AppDelegate.swift */ = {isa = PBXFileReference; lastKnownFileType = sourcecode.swift; path = AppDelegate.swift; sourceTree = "<group>"; };
		AD5A810E24319CC400B03CD7 /* SceneDelegate.swift */ = {isa = PBXFileReference; lastKnownFileType = sourcecode.swift; path = SceneDelegate.swift; sourceTree = "<group>"; };
		AD5A811024319CC400B03CD7 /* ContentView.swift */ = {isa = PBXFileReference; lastKnownFileType = sourcecode.swift; path = ContentView.swift; sourceTree = "<group>"; };
		AD5A811224319CC800B03CD7 /* Assets.xcassets */ = {isa = PBXFileReference; lastKnownFileType = folder.assetcatalog; path = Assets.xcassets; sourceTree = "<group>"; };
		AD5A811524319CC800B03CD7 /* Preview Assets.xcassets */ = {isa = PBXFileReference; lastKnownFileType = folder.assetcatalog; path = "Preview Assets.xcassets"; sourceTree = "<group>"; };
		AD5A811824319CC800B03CD7 /* Base */ = {isa = PBXFileReference; lastKnownFileType = file.storyboard; name = Base; path = Base.lproj/LaunchScreen.storyboard; sourceTree = "<group>"; };
		AD5A811A24319CC800B03CD7 /* Info.plist */ = {isa = PBXFileReference; lastKnownFileType = text.plist.xml; path = Info.plist; sourceTree = "<group>"; };
		AD5A811F24319CC800B03CD7 /* ToDo_ReminderTests.xctest */ = {isa = PBXFileReference; explicitFileType = wrapper.cfbundle; includeInIndex = 0; path = ToDo_ReminderTests.xctest; sourceTree = BUILT_PRODUCTS_DIR; };
		AD5A812324319CC800B03CD7 /* ToDo_ReminderTests.swift */ = {isa = PBXFileReference; lastKnownFileType = sourcecode.swift; path = ToDo_ReminderTests.swift; sourceTree = "<group>"; };
		AD5A812524319CC800B03CD7 /* Info.plist */ = {isa = PBXFileReference; lastKnownFileType = text.plist.xml; path = Info.plist; sourceTree = "<group>"; };
		AD5A812A24319CC800B03CD7 /* ToDo_ReminderUITests.xctest */ = {isa = PBXFileReference; explicitFileType = wrapper.cfbundle; includeInIndex = 0; path = ToDo_ReminderUITests.xctest; sourceTree = BUILT_PRODUCTS_DIR; };
		AD5A812E24319CC800B03CD7 /* ToDo_ReminderUITests.swift */ = {isa = PBXFileReference; lastKnownFileType = sourcecode.swift; path = ToDo_ReminderUITests.swift; sourceTree = "<group>"; };
		AD5A813024319CC800B03CD7 /* Info.plist */ = {isa = PBXFileReference; lastKnownFileType = text.plist.xml; path = Info.plist; sourceTree = "<group>"; };
		AD5A813D24319E3400B03CD7 /* Task.swift */ = {isa = PBXFileReference; lastKnownFileType = sourcecode.swift; path = Task.swift; sourceTree = "<group>"; };
		AD5A81412431A03D00B03CD7 /* TaskListView.swift */ = {isa = PBXFileReference; lastKnownFileType = sourcecode.swift; path = TaskListView.swift; sourceTree = "<group>"; };
		AD5A81442431A8B200B03CD7 /* TaskListViewModel.swift */ = {isa = PBXFileReference; lastKnownFileType = sourcecode.swift; path = TaskListViewModel.swift; sourceTree = "<group>"; };
		AD5A81462431AA6800B03CD7 /* TackCellViewModel.swift */ = {isa = PBXFileReference; lastKnownFileType = sourcecode.swift; path = TackCellViewModel.swift; sourceTree = "<group>"; };
		AD5A814A2431B35F00B03CD7 /* TaskCell.swift */ = {isa = PBXFileReference; lastKnownFileType = sourcecode.swift; path = TaskCell.swift; sourceTree = "<group>"; };
		AD5A814C2431F3EC00B03CD7 /* GoogleService-Info.plist */ = {isa = PBXFileReference; fileEncoding = 4; lastKnownFileType = text.plist.xml; path = "GoogleService-Info.plist"; sourceTree = "<group>"; };
		ADCF3B4A2432EA8200C431AE /* BaseTaskRespositories.swift */ = {isa = PBXFileReference; lastKnownFileType = sourcecode.swift; path = BaseTaskRespositories.swift; sourceTree = "<group>"; };
		ADCF3B4C2432EDE400C431AE /* AppDelelgate+Resolving.swift */ = {isa = PBXFileReference; lastKnownFileType = sourcecode.swift; path = "AppDelelgate+Resolving.swift"; sourceTree = "<group>"; };
		BA369ED23E0CCD442E1F5035 /* Pods-ToDo_ReminderTests.debug.xcconfig */ = {isa = PBXFileReference; includeInIndex = 1; lastKnownFileType = text.xcconfig; name = "Pods-ToDo_ReminderTests.debug.xcconfig"; path = "Target Support Files/Pods-ToDo_ReminderTests/Pods-ToDo_ReminderTests.debug.xcconfig"; sourceTree = "<group>"; };
		CDB755AFC86B28F17258D9CD /* Pods-ToDo_Reminder.debug.xcconfig */ = {isa = PBXFileReference; includeInIndex = 1; lastKnownFileType = text.xcconfig; name = "Pods-ToDo_Reminder.debug.xcconfig"; path = "Target Support Files/Pods-ToDo_Reminder/Pods-ToDo_Reminder.debug.xcconfig"; sourceTree = "<group>"; };
/* End PBXFileReference section */

/* Begin PBXFrameworksBuildPhase section */
		AD5A810624319CC400B03CD7 /* Frameworks */ = {
			isa = PBXFrameworksBuildPhase;
			buildActionMask = 2147483647;
			files = (
				BC5DB8240C7AD1492688AED6 /* Pods_ToDo_Reminder.framework in Frameworks */,
			);
			runOnlyForDeploymentPostprocessing = 0;
		};
		AD5A811C24319CC800B03CD7 /* Frameworks */ = {
			isa = PBXFrameworksBuildPhase;
			buildActionMask = 2147483647;
			files = (
				C9305814C44942E671DFC819 /* Pods_ToDo_ReminderTests.framework in Frameworks */,
			);
			runOnlyForDeploymentPostprocessing = 0;
		};
		AD5A812724319CC800B03CD7 /* Frameworks */ = {
			isa = PBXFrameworksBuildPhase;
			buildActionMask = 2147483647;
			files = (
				C9C66F81F42A82FD1DEE21EF /* Pods_ToDo_Reminder_ToDo_ReminderUITests.framework in Frameworks */,
			);
			runOnlyForDeploymentPostprocessing = 0;
		};
/* End PBXFrameworksBuildPhase section */

/* Begin PBXGroup section */
		29EEAF7E43A9745BC04255FA /* Frameworks */ = {
			isa = PBXGroup;
			children = (
				66E4E3DABE2E3382FA84C32E /* Pods_ToDo_Reminder.framework */,
				7D7CCC8B45D439E12CF66EFF /* Pods_ToDo_Reminder_ToDo_ReminderUITests.framework */,
				2BAD36C31BC1821F525B4DC5 /* Pods_ToDo_ReminderTests.framework */,
			);
			name = Frameworks;
			sourceTree = "<group>";
		};
		2B1BFB241C6EBA04BE0BFD7A /* Pods */ = {
			isa = PBXGroup;
			children = (
				CDB755AFC86B28F17258D9CD /* Pods-ToDo_Reminder.debug.xcconfig */,
				0C2A60BE7AFE3D4C00C6CEBF /* Pods-ToDo_Reminder.release.xcconfig */,
				5994637453AC8D890E88D1D8 /* Pods-ToDo_Reminder-ToDo_ReminderUITests.debug.xcconfig */,
				0711A9F05C2335C625E0E414 /* Pods-ToDo_Reminder-ToDo_ReminderUITests.release.xcconfig */,
				BA369ED23E0CCD442E1F5035 /* Pods-ToDo_ReminderTests.debug.xcconfig */,
				384C701A02BFE38940855BA3 /* Pods-ToDo_ReminderTests.release.xcconfig */,
			);
			path = Pods;
			sourceTree = "<group>";
		};
		AD5A810024319CC400B03CD7 = {
			isa = PBXGroup;
			children = (
				AD5A814C2431F3EC00B03CD7 /* GoogleService-Info.plist */,
				AD5A810B24319CC400B03CD7 /* ToDo_Reminder */,
				AD5A812224319CC800B03CD7 /* ToDo_ReminderTests */,
				AD5A812D24319CC800B03CD7 /* ToDo_ReminderUITests */,
				AD5A810A24319CC400B03CD7 /* Products */,
				2B1BFB241C6EBA04BE0BFD7A /* Pods */,
				29EEAF7E43A9745BC04255FA /* Frameworks */,
			);
			sourceTree = "<group>";
		};
		AD5A810A24319CC400B03CD7 /* Products */ = {
			isa = PBXGroup;
			children = (
				AD5A810924319CC400B03CD7 /* ToDo_Reminder.app */,
				AD5A811F24319CC800B03CD7 /* ToDo_ReminderTests.xctest */,
				AD5A812A24319CC800B03CD7 /* ToDo_ReminderUITests.xctest */,
			);
			name = Products;
			sourceTree = "<group>";
		};
		AD5A810B24319CC400B03CD7 /* ToDo_Reminder */ = {
			isa = PBXGroup;
			children = (
				ADCF3B492432E96800C431AE /* Respositores */,
				AD5A81432431A89900B03CD7 /* ViewModels */,
				AD5A81402431A01200B03CD7 /* Views */,
				AD5A813F24319F6900B03CD7 /* App */,
				AD5A813C24319E0C00B03CD7 /* Models */,
				AD5A811024319CC400B03CD7 /* ContentView.swift */,
				AD5A811224319CC800B03CD7 /* Assets.xcassets */,
				AD5A811724319CC800B03CD7 /* LaunchScreen.storyboard */,
				AD5A811A24319CC800B03CD7 /* Info.plist */,
				AD5A811424319CC800B03CD7 /* Preview Content */,
			);
			path = ToDo_Reminder;
			sourceTree = "<group>";
		};
		AD5A811424319CC800B03CD7 /* Preview Content */ = {
			isa = PBXGroup;
			children = (
				AD5A811524319CC800B03CD7 /* Preview Assets.xcassets */,
			);
			path = "Preview Content";
			sourceTree = "<group>";
		};
		AD5A812224319CC800B03CD7 /* ToDo_ReminderTests */ = {
			isa = PBXGroup;
			children = (
				AD5A812324319CC800B03CD7 /* ToDo_ReminderTests.swift */,
				AD5A812524319CC800B03CD7 /* Info.plist */,
			);
			path = ToDo_ReminderTests;
			sourceTree = "<group>";
		};
		AD5A812D24319CC800B03CD7 /* ToDo_ReminderUITests */ = {
			isa = PBXGroup;
			children = (
				AD5A812E24319CC800B03CD7 /* ToDo_ReminderUITests.swift */,
				AD5A813024319CC800B03CD7 /* Info.plist */,
			);
			path = ToDo_ReminderUITests;
			sourceTree = "<group>";
		};
		AD5A813C24319E0C00B03CD7 /* Models */ = {
			isa = PBXGroup;
			children = (
				AD5A813D24319E3400B03CD7 /* Task.swift */,
			);
			path = Models;
			sourceTree = "<group>";
		};
		AD5A813F24319F6900B03CD7 /* App */ = {
			isa = PBXGroup;
			children = (
				AD5A810C24319CC400B03CD7 /* AppDelegate.swift */,
				AD5A810E24319CC400B03CD7 /* SceneDelegate.swift */,
				ADCF3B4C2432EDE400C431AE /* AppDelelgate+Resolving.swift */,
			);
			path = App;
			sourceTree = "<group>";
		};
		AD5A81402431A01200B03CD7 /* Views */ = {
			isa = PBXGroup;
			children = (
				AD5A81412431A03D00B03CD7 /* TaskListView.swift */,
				AD5A814A2431B35F00B03CD7 /* TaskCell.swift */,
			);
			path = Views;
			sourceTree = "<group>";
		};
		AD5A81432431A89900B03CD7 /* ViewModels */ = {
			isa = PBXGroup;
			children = (
				AD5A81442431A8B200B03CD7 /* TaskListViewModel.swift */,
				AD5A81462431AA6800B03CD7 /* TackCellViewModel.swift */,
			);
			path = ViewModels;
			sourceTree = "<group>";
		};
		ADCF3B492432E96800C431AE /* Respositores */ = {
			isa = PBXGroup;
			children = (
				ADCF3B4A2432EA8200C431AE /* BaseTaskRespositories.swift */,
			);
			path = Respositores;
			sourceTree = "<group>";
		};
/* End PBXGroup section */

/* Begin PBXNativeTarget section */
		AD5A810824319CC400B03CD7 /* ToDo_Reminder */ = {
			isa = PBXNativeTarget;
			buildConfigurationList = AD5A813324319CC800B03CD7 /* Build configuration list for PBXNativeTarget "ToDo_Reminder" */;
			buildPhases = (
				8D90BB6B2CB1798A218F1BE4 /* [CP] Check Pods Manifest.lock */,
				AD5A810524319CC400B03CD7 /* Sources */,
				AD5A810624319CC400B03CD7 /* Frameworks */,
				AD5A810724319CC400B03CD7 /* Resources */,
				52D8647FE5B1C142B11FB96F /* [CP] Embed Pods Frameworks */,
			);
			buildRules = (
			);
			dependencies = (
			);
			name = ToDo_Reminder;
			productName = ToDo_Reminder;
			productReference = AD5A810924319CC400B03CD7 /* ToDo_Reminder.app */;
			productType = "com.apple.product-type.application";
		};
		AD5A811E24319CC800B03CD7 /* ToDo_ReminderTests */ = {
			isa = PBXNativeTarget;
			buildConfigurationList = AD5A813624319CC800B03CD7 /* Build configuration list for PBXNativeTarget "ToDo_ReminderTests" */;
			buildPhases = (
				B1BE65AD7AED748CC9D81064 /* [CP] Check Pods Manifest.lock */,
				AD5A811B24319CC800B03CD7 /* Sources */,
				AD5A811C24319CC800B03CD7 /* Frameworks */,
				AD5A811D24319CC800B03CD7 /* Resources */,
			);
			buildRules = (
			);
			dependencies = (
				AD5A812124319CC800B03CD7 /* PBXTargetDependency */,
			);
			name = ToDo_ReminderTests;
			productName = ToDo_ReminderTests;
			productReference = AD5A811F24319CC800B03CD7 /* ToDo_ReminderTests.xctest */;
			productType = "com.apple.product-type.bundle.unit-test";
		};
		AD5A812924319CC800B03CD7 /* ToDo_ReminderUITests */ = {
			isa = PBXNativeTarget;
			buildConfigurationList = AD5A813924319CC800B03CD7 /* Build configuration list for PBXNativeTarget "ToDo_ReminderUITests" */;
			buildPhases = (
				8D84D438898810E48ABF9292 /* [CP] Check Pods Manifest.lock */,
				AD5A812624319CC800B03CD7 /* Sources */,
				AD5A812724319CC800B03CD7 /* Frameworks */,
				AD5A812824319CC800B03CD7 /* Resources */,
				7BED0DA515111025C099838D /* [CP] Embed Pods Frameworks */,
			);
			buildRules = (
			);
			dependencies = (
				AD5A812C24319CC800B03CD7 /* PBXTargetDependency */,
			);
			name = ToDo_ReminderUITests;
			productName = ToDo_ReminderUITests;
			productReference = AD5A812A24319CC800B03CD7 /* ToDo_ReminderUITests.xctest */;
			productType = "com.apple.product-type.bundle.ui-testing";
		};
/* End PBXNativeTarget section */

/* Begin PBXProject section */
		AD5A810124319CC400B03CD7 /* Project object */ = {
			isa = PBXProject;
			attributes = {
				LastSwiftUpdateCheck = 1140;
				LastUpgradeCheck = 1140;
				ORGANIZATIONNAME = "Quang Kham";
				TargetAttributes = {
					AD5A810824319CC400B03CD7 = {
						CreatedOnToolsVersion = 11.4;
					};
					AD5A811E24319CC800B03CD7 = {
						CreatedOnToolsVersion = 11.4;
						TestTargetID = AD5A810824319CC400B03CD7;
					};
					AD5A812924319CC800B03CD7 = {
						CreatedOnToolsVersion = 11.4;
						TestTargetID = AD5A810824319CC400B03CD7;
					};
				};
			};
			buildConfigurationList = AD5A810424319CC400B03CD7 /* Build configuration list for PBXProject "ToDo_Reminder" */;
			compatibilityVersion = "Xcode 9.3";
			developmentRegion = en;
			hasScannedForEncodings = 0;
			knownRegions = (
				en,
				Base,
			);
			mainGroup = AD5A810024319CC400B03CD7;
			productRefGroup = AD5A810A24319CC400B03CD7 /* Products */;
			projectDirPath = "";
			projectRoot = "";
			targets = (
				AD5A810824319CC400B03CD7 /* ToDo_Reminder */,
				AD5A811E24319CC800B03CD7 /* ToDo_ReminderTests */,
				AD5A812924319CC800B03CD7 /* ToDo_ReminderUITests */,
			);
		};
/* End PBXProject section */

/* Begin PBXResourcesBuildPhase section */
		AD5A810724319CC400B03CD7 /* Resources */ = {
			isa = PBXResourcesBuildPhase;
			buildActionMask = 2147483647;
			files = (
				AD5A811924319CC800B03CD7 /* LaunchScreen.storyboard in Resources */,
				AD5A814D2431F3EC00B03CD7 /* GoogleService-Info.plist in Resources */,
				AD5A811624319CC800B03CD7 /* Preview Assets.xcassets in Resources */,
				AD5A811324319CC800B03CD7 /* Assets.xcassets in Resources */,
			);
			runOnlyForDeploymentPostprocessing = 0;
		};
		AD5A811D24319CC800B03CD7 /* Resources */ = {
			isa = PBXResourcesBuildPhase;
			buildActionMask = 2147483647;
			files = (
			);
			runOnlyForDeploymentPostprocessing = 0;
		};
		AD5A812824319CC800B03CD7 /* Resources */ = {
			isa = PBXResourcesBuildPhase;
			buildActionMask = 2147483647;
			files = (
			);
			runOnlyForDeploymentPostprocessing = 0;
		};
/* End PBXResourcesBuildPhase section */

/* Begin PBXShellScriptBuildPhase section */
		52D8647FE5B1C142B11FB96F /* [CP] Embed Pods Frameworks */ = {
			isa = PBXShellScriptBuildPhase;
			buildActionMask = 2147483647;
			files = (
			);
			inputFileListPaths = (
				"${PODS_ROOT}/Target Support Files/Pods-ToDo_Reminder/Pods-ToDo_Reminder-frameworks-${CONFIGURATION}-input-files.xcfilelist",
			);
			name = "[CP] Embed Pods Frameworks";
			outputFileListPaths = (
				"${PODS_ROOT}/Target Support Files/Pods-ToDo_Reminder/Pods-ToDo_Reminder-frameworks-${CONFIGURATION}-output-files.xcfilelist",
			);
			runOnlyForDeploymentPostprocessing = 0;
			shellPath = /bin/sh;
			shellScript = "\"${PODS_ROOT}/Target Support Files/Pods-ToDo_Reminder/Pods-ToDo_Reminder-frameworks.sh\"\n";
			showEnvVarsInLog = 0;
		};
		7BED0DA515111025C099838D /* [CP] Embed Pods Frameworks */ = {
			isa = PBXShellScriptBuildPhase;
			buildActionMask = 2147483647;
			files = (
			);
			inputFileListPaths = (
				"${PODS_ROOT}/Target Support Files/Pods-ToDo_Reminder-ToDo_ReminderUITests/Pods-ToDo_Reminder-ToDo_ReminderUITests-frameworks-${CONFIGURATION}-input-files.xcfilelist",
			);
			name = "[CP] Embed Pods Frameworks";
			outputFileListPaths = (
				"${PODS_ROOT}/Target Support Files/Pods-ToDo_Reminder-ToDo_ReminderUITests/Pods-ToDo_Reminder-ToDo_ReminderUITests-frameworks-${CONFIGURATION}-output-files.xcfilelist",
			);
			runOnlyForDeploymentPostprocessing = 0;
			shellPath = /bin/sh;
			shellScript = "\"${PODS_ROOT}/Target Support Files/Pods-ToDo_Reminder-ToDo_ReminderUITests/Pods-ToDo_Reminder-ToDo_ReminderUITests-frameworks.sh\"\n";
			showEnvVarsInLog = 0;
		};
		8D84D438898810E48ABF9292 /* [CP] Check Pods Manifest.lock */ = {
			isa = PBXShellScriptBuildPhase;
			buildActionMask = 2147483647;
			files = (
			);
			inputFileListPaths = (
			);
			inputPaths = (
				"${PODS_PODFILE_DIR_PATH}/Podfile.lock",
				"${PODS_ROOT}/Manifest.lock",
			);
			name = "[CP] Check Pods Manifest.lock";
			outputFileListPaths = (
			);
			outputPaths = (
				"$(DERIVED_FILE_DIR)/Pods-ToDo_Reminder-ToDo_ReminderUITests-checkManifestLockResult.txt",
			);
			runOnlyForDeploymentPostprocessing = 0;
			shellPath = /bin/sh;
			shellScript = "diff \"${PODS_PODFILE_DIR_PATH}/Podfile.lock\" \"${PODS_ROOT}/Manifest.lock\" > /dev/null\nif [ $? != 0 ] ; then\n    # print error to STDERR\n    echo \"error: The sandbox is not in sync with the Podfile.lock. Run 'pod install' or update your CocoaPods installation.\" >&2\n    exit 1\nfi\n# This output is used by Xcode 'outputs' to avoid re-running this script phase.\necho \"SUCCESS\" > \"${SCRIPT_OUTPUT_FILE_0}\"\n";
			showEnvVarsInLog = 0;
		};
		8D90BB6B2CB1798A218F1BE4 /* [CP] Check Pods Manifest.lock */ = {
			isa = PBXShellScriptBuildPhase;
			buildActionMask = 2147483647;
			files = (
			);
			inputFileListPaths = (
			);
			inputPaths = (
				"${PODS_PODFILE_DIR_PATH}/Podfile.lock",
				"${PODS_ROOT}/Manifest.lock",
			);
			name = "[CP] Check Pods Manifest.lock";
			outputFileListPaths = (
			);
			outputPaths = (
				"$(DERIVED_FILE_DIR)/Pods-ToDo_Reminder-checkManifestLockResult.txt",
			);
			runOnlyForDeploymentPostprocessing = 0;
			shellPath = /bin/sh;
			shellScript = "diff \"${PODS_PODFILE_DIR_PATH}/Podfile.lock\" \"${PODS_ROOT}/Manifest.lock\" > /dev/null\nif [ $? != 0 ] ; then\n    # print error to STDERR\n    echo \"error: The sandbox is not in sync with the Podfile.lock. Run 'pod install' or update your CocoaPods installation.\" >&2\n    exit 1\nfi\n# This output is used by Xcode 'outputs' to avoid re-running this script phase.\necho \"SUCCESS\" > \"${SCRIPT_OUTPUT_FILE_0}\"\n";
			showEnvVarsInLog = 0;
		};
		B1BE65AD7AED748CC9D81064 /* [CP] Check Pods Manifest.lock */ = {
			isa = PBXShellScriptBuildPhase;
			buildActionMask = 2147483647;
			files = (
			);
			inputFileListPaths = (
			);
			inputPaths = (
				"${PODS_PODFILE_DIR_PATH}/Podfile.lock",
				"${PODS_ROOT}/Manifest.lock",
			);
			name = "[CP] Check Pods Manifest.lock";
			outputFileListPaths = (
			);
			outputPaths = (
				"$(DERIVED_FILE_DIR)/Pods-ToDo_ReminderTests-checkManifestLockResult.txt",
			);
			runOnlyForDeploymentPostprocessing = 0;
			shellPath = /bin/sh;
			shellScript = "diff \"${PODS_PODFILE_DIR_PATH}/Podfile.lock\" \"${PODS_ROOT}/Manifest.lock\" > /dev/null\nif [ $? != 0 ] ; then\n    # print error to STDERR\n    echo \"error: The sandbox is not in sync with the Podfile.lock. Run 'pod install' or update your CocoaPods installation.\" >&2\n    exit 1\nfi\n# This output is used by Xcode 'outputs' to avoid re-running this script phase.\necho \"SUCCESS\" > \"${SCRIPT_OUTPUT_FILE_0}\"\n";
			showEnvVarsInLog = 0;
		};
/* End PBXShellScriptBuildPhase section */

/* Begin PBXSourcesBuildPhase section */
		AD5A810524319CC400B03CD7 /* Sources */ = {
			isa = PBXSourcesBuildPhase;
			buildActionMask = 2147483647;
			files = (
				AD5A81472431AA6800B03CD7 /* TackCellViewModel.swift in Sources */,
				ADCF3B4D2432EDE400C431AE /* AppDelelgate+Resolving.swift in Sources */,
				AD5A813E24319E3400B03CD7 /* Task.swift in Sources */,
				AD5A810D24319CC400B03CD7 /* AppDelegate.swift in Sources */,
				AD5A81422431A03D00B03CD7 /* TaskListView.swift in Sources */,
				AD5A814B2431B35F00B03CD7 /* TaskCell.swift in Sources */,
				ADCF3B4B2432EA8200C431AE /* BaseTaskRespositories.swift in Sources */,
				AD5A810F24319CC400B03CD7 /* SceneDelegate.swift in Sources */,
				AD5A811124319CC400B03CD7 /* ContentView.swift in Sources */,
				AD5A81452431A8B200B03CD7 /* TaskListViewModel.swift in Sources */,
			);
			runOnlyForDeploymentPostprocessing = 0;
		};
		AD5A811B24319CC800B03CD7 /* Sources */ = {
			isa = PBXSourcesBuildPhase;
			buildActionMask = 2147483647;
			files = (
				AD5A812424319CC800B03CD7 /* ToDo_ReminderTests.swift in Sources */,
			);
			runOnlyForDeploymentPostprocessing = 0;
		};
		AD5A812624319CC800B03CD7 /* Sources */ = {
			isa = PBXSourcesBuildPhase;
			buildActionMask = 2147483647;
			files = (
				AD5A812F24319CC800B03CD7 /* ToDo_ReminderUITests.swift in Sources */,
			);
			runOnlyForDeploymentPostprocessing = 0;
		};
/* End PBXSourcesBuildPhase section */

/* Begin PBXTargetDependency section */
		AD5A812124319CC800B03CD7 /* PBXTargetDependency */ = {
			isa = PBXTargetDependency;
			target = AD5A810824319CC400B03CD7 /* ToDo_Reminder */;
			targetProxy = AD5A812024319CC800B03CD7 /* PBXContainerItemProxy */;
		};
		AD5A812C24319CC800B03CD7 /* PBXTargetDependency */ = {
			isa = PBXTargetDependency;
			target = AD5A810824319CC400B03CD7 /* ToDo_Reminder */;
			targetProxy = AD5A812B24319CC800B03CD7 /* PBXContainerItemProxy */;
		};
/* End PBXTargetDependency section */

/* Begin PBXVariantGroup section */
		AD5A811724319CC800B03CD7 /* LaunchScreen.storyboard */ = {
			isa = PBXVariantGroup;
			children = (
				AD5A811824319CC800B03CD7 /* Base */,
			);
			name = LaunchScreen.storyboard;
			sourceTree = "<group>";
		};
/* End PBXVariantGroup section */

/* Begin XCBuildConfiguration section */
		AD5A813124319CC800B03CD7 /* Debug */ = {
			isa = XCBuildConfiguration;
			buildSettings = {
				ALWAYS_SEARCH_USER_PATHS = NO;
				CLANG_ANALYZER_NONNULL = YES;
				CLANG_ANALYZER_NUMBER_OBJECT_CONVERSION = YES_AGGRESSIVE;
				CLANG_CXX_LANGUAGE_STANDARD = "gnu++14";
				CLANG_CXX_LIBRARY = "libc++";
				CLANG_ENABLE_MODULES = YES;
				CLANG_ENABLE_OBJC_ARC = YES;
				CLANG_ENABLE_OBJC_WEAK = YES;
				CLANG_WARN_BLOCK_CAPTURE_AUTORELEASING = YES;
				CLANG_WARN_BOOL_CONVERSION = YES;
				CLANG_WARN_COMMA = YES;
				CLANG_WARN_CONSTANT_CONVERSION = YES;
				CLANG_WARN_DEPRECATED_OBJC_IMPLEMENTATIONS = YES;
				CLANG_WARN_DIRECT_OBJC_ISA_USAGE = YES_ERROR;
				CLANG_WARN_DOCUMENTATION_COMMENTS = YES;
				CLANG_WARN_EMPTY_BODY = YES;
				CLANG_WARN_ENUM_CONVERSION = YES;
				CLANG_WARN_INFINITE_RECURSION = YES;
				CLANG_WARN_INT_CONVERSION = YES;
				CLANG_WARN_NON_LITERAL_NULL_CONVERSION = YES;
				CLANG_WARN_OBJC_IMPLICIT_RETAIN_SELF = YES;
				CLANG_WARN_OBJC_LITERAL_CONVERSION = YES;
				CLANG_WARN_OBJC_ROOT_CLASS = YES_ERROR;
				CLANG_WARN_RANGE_LOOP_ANALYSIS = YES;
				CLANG_WARN_STRICT_PROTOTYPES = YES;
				CLANG_WARN_SUSPICIOUS_MOVE = YES;
				CLANG_WARN_UNGUARDED_AVAILABILITY = YES_AGGRESSIVE;
				CLANG_WARN_UNREACHABLE_CODE = YES;
				CLANG_WARN__DUPLICATE_METHOD_MATCH = YES;
				COPY_PHASE_STRIP = NO;
				DEBUG_INFORMATION_FORMAT = dwarf;
				ENABLE_STRICT_OBJC_MSGSEND = YES;
				ENABLE_TESTABILITY = YES;
				GCC_C_LANGUAGE_STANDARD = gnu11;
				GCC_DYNAMIC_NO_PIC = NO;
				GCC_NO_COMMON_BLOCKS = YES;
				GCC_OPTIMIZATION_LEVEL = 0;
				GCC_PREPROCESSOR_DEFINITIONS = (
					"DEBUG=1",
					"$(inherited)",
				);
				GCC_WARN_64_TO_32_BIT_CONVERSION = YES;
				GCC_WARN_ABOUT_RETURN_TYPE = YES_ERROR;
				GCC_WARN_UNDECLARED_SELECTOR = YES;
				GCC_WARN_UNINITIALIZED_AUTOS = YES_AGGRESSIVE;
				GCC_WARN_UNUSED_FUNCTION = YES;
				GCC_WARN_UNUSED_VARIABLE = YES;
				IPHONEOS_DEPLOYMENT_TARGET = 13.4;
				MTL_ENABLE_DEBUG_INFO = INCLUDE_SOURCE;
				MTL_FAST_MATH = YES;
				ONLY_ACTIVE_ARCH = YES;
				SDKROOT = iphoneos;
				SWIFT_ACTIVE_COMPILATION_CONDITIONS = DEBUG;
				SWIFT_OPTIMIZATION_LEVEL = "-Onone";
			};
			name = Debug;
		};
		AD5A813224319CC800B03CD7 /* Release */ = {
			isa = XCBuildConfiguration;
			buildSettings = {
				ALWAYS_SEARCH_USER_PATHS = NO;
				CLANG_ANALYZER_NONNULL = YES;
				CLANG_ANALYZER_NUMBER_OBJECT_CONVERSION = YES_AGGRESSIVE;
				CLANG_CXX_LANGUAGE_STANDARD = "gnu++14";
				CLANG_CXX_LIBRARY = "libc++";
				CLANG_ENABLE_MODULES = YES;
				CLANG_ENABLE_OBJC_ARC = YES;
				CLANG_ENABLE_OBJC_WEAK = YES;
				CLANG_WARN_BLOCK_CAPTURE_AUTORELEASING = YES;
				CLANG_WARN_BOOL_CONVERSION = YES;
				CLANG_WARN_COMMA = YES;
				CLANG_WARN_CONSTANT_CONVERSION = YES;
				CLANG_WARN_DEPRECATED_OBJC_IMPLEMENTATIONS = YES;
				CLANG_WARN_DIRECT_OBJC_ISA_USAGE = YES_ERROR;
				CLANG_WARN_DOCUMENTATION_COMMENTS = YES;
				CLANG_WARN_EMPTY_BODY = YES;
				CLANG_WARN_ENUM_CONVERSION = YES;
				CLANG_WARN_INFINITE_RECURSION = YES;
				CLANG_WARN_INT_CONVERSION = YES;
				CLANG_WARN_NON_LITERAL_NULL_CONVERSION = YES;
				CLANG_WARN_OBJC_IMPLICIT_RETAIN_SELF = YES;
				CLANG_WARN_OBJC_LITERAL_CONVERSION = YES;
				CLANG_WARN_OBJC_ROOT_CLASS = YES_ERROR;
				CLANG_WARN_RANGE_LOOP_ANALYSIS = YES;
				CLANG_WARN_STRICT_PROTOTYPES = YES;
				CLANG_WARN_SUSPICIOUS_MOVE = YES;
				CLANG_WARN_UNGUARDED_AVAILABILITY = YES_AGGRESSIVE;
				CLANG_WARN_UNREACHABLE_CODE = YES;
				CLANG_WARN__DUPLICATE_METHOD_MATCH = YES;
				COPY_PHASE_STRIP = NO;
				DEBUG_INFORMATION_FORMAT = "dwarf-with-dsym";
				ENABLE_NS_ASSERTIONS = NO;
				ENABLE_STRICT_OBJC_MSGSEND = YES;
				GCC_C_LANGUAGE_STANDARD = gnu11;
				GCC_NO_COMMON_BLOCKS = YES;
				GCC_WARN_64_TO_32_BIT_CONVERSION = YES;
				GCC_WARN_ABOUT_RETURN_TYPE = YES_ERROR;
				GCC_WARN_UNDECLARED_SELECTOR = YES;
				GCC_WARN_UNINITIALIZED_AUTOS = YES_AGGRESSIVE;
				GCC_WARN_UNUSED_FUNCTION = YES;
				GCC_WARN_UNUSED_VARIABLE = YES;
				IPHONEOS_DEPLOYMENT_TARGET = 13.4;
				MTL_ENABLE_DEBUG_INFO = NO;
				MTL_FAST_MATH = YES;
				SDKROOT = iphoneos;
				SWIFT_COMPILATION_MODE = wholemodule;
				SWIFT_OPTIMIZATION_LEVEL = "-O";
				VALIDATE_PRODUCT = YES;
			};
			name = Release;
		};
		AD5A813424319CC800B03CD7 /* Debug */ = {
			isa = XCBuildConfiguration;
			baseConfigurationReference = CDB755AFC86B28F17258D9CD /* Pods-ToDo_Reminder.debug.xcconfig */;
			buildSettings = {
				ASSETCATALOG_COMPILER_APPICON_NAME = AppIcon;
				CODE_SIGN_STYLE = Automatic;
				DEVELOPMENT_ASSET_PATHS = "\"ToDo_Reminder/Preview Content\"";
				ENABLE_PREVIEWS = YES;
				INFOPLIST_FILE = ToDo_Reminder/Info.plist;
				LD_RUNPATH_SEARCH_PATHS = (
					"$(inherited)",
					"@executable_path/Frameworks",
				);
				PRODUCT_BUNDLE_IDENTIFIER = "com.quangkham.ToDo-Reminder";
				PRODUCT_NAME = "$(TARGET_NAME)";
				SWIFT_VERSION = 5.0;
				TARGETED_DEVICE_FAMILY = "1,2";
			};
			name = Debug;
		};
		AD5A813524319CC800B03CD7 /* Release */ = {
			isa = XCBuildConfiguration;
			baseConfigurationReference = 0C2A60BE7AFE3D4C00C6CEBF /* Pods-ToDo_Reminder.release.xcconfig */;
			buildSettings = {
				ASSETCATALOG_COMPILER_APPICON_NAME = AppIcon;
				CODE_SIGN_STYLE = Automatic;
				DEVELOPMENT_ASSET_PATHS = "\"ToDo_Reminder/Preview Content\"";
				ENABLE_PREVIEWS = YES;
				INFOPLIST_FILE = ToDo_Reminder/Info.plist;
				LD_RUNPATH_SEARCH_PATHS = (
					"$(inherited)",
					"@executable_path/Frameworks",
				);
				PRODUCT_BUNDLE_IDENTIFIER = "com.quangkham.ToDo-Reminder";
				PRODUCT_NAME = "$(TARGET_NAME)";
				SWIFT_VERSION = 5.0;
				TARGETED_DEVICE_FAMILY = "1,2";
			};
			name = Release;
		};
		AD5A813724319CC800B03CD7 /* Debug */ = {
			isa = XCBuildConfiguration;
			baseConfigurationReference = BA369ED23E0CCD442E1F5035 /* Pods-ToDo_ReminderTests.debug.xcconfig */;
			buildSettings = {
				ALWAYS_EMBED_SWIFT_STANDARD_LIBRARIES = YES;
				BUNDLE_LOADER = "$(TEST_HOST)";
				CODE_SIGN_STYLE = Automatic;
				INFOPLIST_FILE = ToDo_ReminderTests/Info.plist;
				IPHONEOS_DEPLOYMENT_TARGET = 13.4;
				LD_RUNPATH_SEARCH_PATHS = (
					"$(inherited)",
					"@executable_path/Frameworks",
					"@loader_path/Frameworks",
				);
				PRODUCT_BUNDLE_IDENTIFIER = "com.quangkham.ToDo-ReminderTests";
				PRODUCT_NAME = "$(TARGET_NAME)";
				SWIFT_VERSION = 5.0;
				TARGETED_DEVICE_FAMILY = "1,2";
				TEST_HOST = "$(BUILT_PRODUCTS_DIR)/ToDo_Reminder.app/ToDo_Reminder";
			};
			name = Debug;
		};
		AD5A813824319CC800B03CD7 /* Release */ = {
			isa = XCBuildConfiguration;
			baseConfigurationReference = 384C701A02BFE38940855BA3 /* Pods-ToDo_ReminderTests.release.xcconfig */;
			buildSettings = {
				ALWAYS_EMBED_SWIFT_STANDARD_LIBRARIES = YES;
				BUNDLE_LOADER = "$(TEST_HOST)";
				CODE_SIGN_STYLE = Automatic;
				INFOPLIST_FILE = ToDo_ReminderTests/Info.plist;
				IPHONEOS_DEPLOYMENT_TARGET = 13.4;
				LD_RUNPATH_SEARCH_PATHS = (
					"$(inherited)",
					"@executable_path/Frameworks",
					"@loader_path/Frameworks",
				);
				PRODUCT_BUNDLE_IDENTIFIER = "com.quangkham.ToDo-ReminderTests";
				PRODUCT_NAME = "$(TARGET_NAME)";
				SWIFT_VERSION = 5.0;
				TARGETED_DEVICE_FAMILY = "1,2";
				TEST_HOST = "$(BUILT_PRODUCTS_DIR)/ToDo_Reminder.app/ToDo_Reminder";
			};
			name = Release;
		};
		AD5A813A24319CC800B03CD7 /* Debug */ = {
			isa = XCBuildConfiguration;
			baseConfigurationReference = 5994637453AC8D890E88D1D8 /* Pods-ToDo_Reminder-ToDo_ReminderUITests.debug.xcconfig */;
			buildSettings = {
				ALWAYS_EMBED_SWIFT_STANDARD_LIBRARIES = YES;
				CODE_SIGN_STYLE = Automatic;
				INFOPLIST_FILE = ToDo_ReminderUITests/Info.plist;
				LD_RUNPATH_SEARCH_PATHS = (
					"$(inherited)",
					"@executable_path/Frameworks",
					"@loader_path/Frameworks",
				);
				PRODUCT_BUNDLE_IDENTIFIER = "com.quangkham.ToDo-ReminderUITests";
				PRODUCT_NAME = "$(TARGET_NAME)";
				SWIFT_VERSION = 5.0;
				TARGETED_DEVICE_FAMILY = "1,2";
				TEST_TARGET_NAME = ToDo_Reminder;
			};
			name = Debug;
		};
		AD5A813B24319CC800B03CD7 /* Release */ = {
			isa = XCBuildConfiguration;
			baseConfigurationReference = 0711A9F05C2335C625E0E414 /* Pods-ToDo_Reminder-ToDo_ReminderUITests.release.xcconfig */;
			buildSettings = {
				ALWAYS_EMBED_SWIFT_STANDARD_LIBRARIES = YES;
				CODE_SIGN_STYLE = Automatic;
				INFOPLIST_FILE = ToDo_ReminderUITests/Info.plist;
				LD_RUNPATH_SEARCH_PATHS = (
					"$(inherited)",
					"@executable_path/Frameworks",
					"@loader_path/Frameworks",
				);
				PRODUCT_BUNDLE_IDENTIFIER = "com.quangkham.ToDo-ReminderUITests";
				PRODUCT_NAME = "$(TARGET_NAME)";
				SWIFT_VERSION = 5.0;
				TARGETED_DEVICE_FAMILY = "1,2";
				TEST_TARGET_NAME = ToDo_Reminder;
			};
			name = Release;
		};
/* End XCBuildConfiguration section */

/* Begin XCConfigurationList section */
		AD5A810424319CC400B03CD7 /* Build configuration list for PBXProject "ToDo_Reminder" */ = {
			isa = XCConfigurationList;
			buildConfigurations = (
				AD5A813124319CC800B03CD7 /* Debug */,
				AD5A813224319CC800B03CD7 /* Release */,
			);
			defaultConfigurationIsVisible = 0;
			defaultConfigurationName = Release;
		};
		AD5A813324319CC800B03CD7 /* Build configuration list for PBXNativeTarget "ToDo_Reminder" */ = {
			isa = XCConfigurationList;
			buildConfigurations = (
				AD5A813424319CC800B03CD7 /* Debug */,
				AD5A813524319CC800B03CD7 /* Release */,
			);
			defaultConfigurationIsVisible = 0;
			defaultConfigurationName = Release;
		};
		AD5A813624319CC800B03CD7 /* Build configuration list for PBXNativeTarget "ToDo_ReminderTests" */ = {
			isa = XCConfigurationList;
			buildConfigurations = (
				AD5A813724319CC800B03CD7 /* Debug */,
				AD5A813824319CC800B03CD7 /* Release */,
			);
			defaultConfigurationIsVisible = 0;
			defaultConfigurationName = Release;
		};
		AD5A813924319CC800B03CD7 /* Build configuration list for PBXNativeTarget "ToDo_ReminderUITests" */ = {
			isa = XCConfigurationList;
			buildConfigurations = (
				AD5A813A24319CC800B03CD7 /* Debug */,
				AD5A813B24319CC800B03CD7 /* Release */,
			);
			defaultConfigurationIsVisible = 0;
			defaultConfigurationName = Release;
		};
/* End XCConfigurationList section */
	};
	rootObject = AD5A810124319CC400B03CD7 /* Project object */;
}
